
Microsoft Visual Studio Solution File, Format Version 12.00
# Visual Studio 2012
Project("{FAE04EC0-301F-11D3-BF4B-00C04F79EFBC}") = "PCDD", "PCDD\PCDD.csproj", "{43B10A0A-5F4F-4C08-AA37-38A0576FA6A3}"
EndProject
Project("{2150E333-8FDC-42A3-9474-1A3956D46DE8}") = "PCDD.CORE", "PCDD.CORE", "{09D69C85-E782-459D-8E73-BE81335BC271}"
EndProject
Project("{FAE04EC0-301F-11D3-BF4B-00C04F79EFBC}") = "PCDDEntity", "PCDD.Entity\PCDDEntity.csproj", "{1F4F232B-3EB1-4EA3-9FEE-2FB4C8D2EF4F}"
EndProject
Project("{FAE04EC0-301F-11D3-BF4B-00C04F79EFBC}") = "PCDDDAL", "PCDD.DAL\PCDDDAL.csproj", "{65E9021D-283F-47AE-8AA1-0A023F4C0589}"
EndProject
Project("{FAE04EC0-301F-11D3-BF4B-00C04F79EFBC}") = "PCDDBusiness", "PCDDBusiness\PCDDBusiness.csproj", "{939730FE-CFD1-45E9-9DDC-7EED95B410BE}"
EndProject
Project("{FAE04EC0-301F-11D3-BF4B-00C04F79EFBC}") = "PCDDEnum", "PCDDEnum\PCDDEnum.csproj", "{10B7C696-DEC9-45D3-A7D5-91468CABE6ED}"
EndProject
Project("{2150E333-8FDC-42A3-9474-1A3956D46DE8}") = "PCDD.Tools", "PCDD.Tools", "{EB15B441-06E8-4024-9720-D0FACEDF3950}"
EndProject
Project("{FAE04EC0-301F-11D3-BF4B-00C04F79EFBC}") = "PCDDTools", "PCDDTools\PCDDTools.csproj", "{026201B6-A605-4153-93EB-9E28F84A0592}"
EndProject
Global
	GlobalSection(SolutionConfigurationPlatforms) = preSolution
		Debug|Any CPU = Debug|Any CPU
		Release|Any CPU = Release|Any CPU
	EndGlobalSection
	GlobalSection(ProjectConfigurationPlatforms) = postSolution
		{43B10A0A-5F4F-4C08-AA37-38A0576FA6A3}.Debug|Any CPU.ActiveCfg = Debug|Any CPU
		{43B10A0A-5F4F-4C08-AA37-38A0576FA6A3}.Debug|Any CPU.Build.0 = Debug|Any CPU
		{43B10A0A-5F4F-4C08-AA37-38A0576FA6A3}.Release|Any CPU.ActiveCfg = Release|Any CPU
		{43B10A0A-5F4F-4C08-AA37-38A0576FA6A3}.Release|Any CPU.Build.0 = Release|Any CPU
		{1F4F232B-3EB1-4EA3-9FEE-2FB4C8D2EF4F}.Debug|Any CPU.ActiveCfg = Debug|Any CPU
		{1F4F232B-3EB1-4EA3-9FEE-2FB4C8D2EF4F}.Debug|Any CPU.Build.0 = Debug|Any CPU
		{1F4F232B-3EB1-4EA3-9FEE-2FB4C8D2EF4F}.Release|Any CPU.ActiveCfg = Release|Any CPU
		{1F4F232B-3EB1-4EA3-9FEE-2FB4C8D2EF4F}.Release|Any CPU.Build.0 = Release|Any CPU
		{65E9021D-283F-47AE-8AA1-0A023F4C0589}.Debug|Any CPU.ActiveCfg = Debug|Any CPU
		{65E9021D-283F-47AE-8AA1-0A023F4C0589}.Debug|Any CPU.Build.0 = Debug|Any CPU
		{65E9021D-283F-47AE-8AA1-0A023F4C0589}.Release|Any CPU.ActiveCfg = Release|Any CPU
		{65E9021D-283F-47AE-8AA1-0A023F4C0589}.Release|Any CPU.Build.0 = Release|Any CPU
		{939730FE-CFD1-45E9-9DDC-7EED95B410BE}.Debug|Any CPU.ActiveCfg = Debug|Any CPU
		{939730FE-CFD1-45E9-9DDC-7EED95B410BE}.Debug|Any CPU.Build.0 = Debug|Any CPU
		{939730FE-CFD1-45E9-9DDC-7EED95B410BE}.Release|Any CPU.ActiveCfg = Release|Any CPU
		{939730FE-CFD1-45E9-9DDC-7EED95B410BE}.Release|Any CPU.Build.0 = Release|Any CPU
		{10B7C696-DEC9-45D3-A7D5-91468CABE6ED}.Debug|Any CPU.ActiveCfg = Debug|Any CPU
		{10B7C696-DEC9-45D3-A7D5-91468CABE6ED}.Debug|Any CPU.Build.0 = Debug|Any CPU
		{10B7C696-DEC9-45D3-A7D5-91468CABE6ED}.Release|Any CPU.ActiveCfg = Release|Any CPU
		{10B7C696-DEC9-45D3-A7D5-91468CABE6ED}.Release|Any CPU.Build.0 = Release|Any CPU
		{026201B6-A605-4153-93EB-9E28F84A0592}.Debug|Any CPU.ActiveCfg = Debug|Any CPU
		{026201B6-A605-4153-93EB-9E28F84A0592}.Debug|Any CPU.Build.0 = Debug|Any CPU
		{026201B6-A605-4153-93EB-9E28F84A0592}.Release|Any CPU.ActiveCfg = Release|Any CPU
		{026201B6-A605-4153-93EB-9E28F84A0592}.Release|Any CPU.Build.0 = Release|Any CPU
	EndGlobalSection
	GlobalSection(SolutionProperties) = preSolution
		HideSolutionNode = FALSE
	EndGlobalSection
	GlobalSection(NestedProjects) = preSolution
		{1F4F232B-3EB1-4EA3-9FEE-2FB4C8D2EF4F} = {09D69C85-E782-459D-8E73-BE81335BC271}
		{65E9021D-283F-47AE-8AA1-0A023F4C0589} = {09D69C85-E782-459D-8E73-BE81335BC271}
		{939730FE-CFD1-45E9-9DDC-7EED95B410BE} = {09D69C85-E782-459D-8E73-BE81335BC271}
		{10B7C696-DEC9-45D3-A7D5-91468CABE6ED} = {09D69C85-E782-459D-8E73-BE81335BC271}
		{026201B6-A605-4153-93EB-9E28F84A0592} = {EB15B441-06E8-4024-9720-D0FACEDF3950}
	EndGlobalSection
EndGlobal
